# THIS IS AN AUTOGENERATED FILE. DO NOT EDIT THIS FILE DIRECTLY.
# yarn lockfile v1


flow-bin@^0.145.0:
  version "0.145.0"
  resolved "https://registry.npmjs.org/flow-bin/-/flow-bin-0.145.0.tgz#922f7c3568caaa5eb64621ec536deb56b24d1795"
  integrity sha512-+9fi9BMxRBtSWC1x0hWggWTb8Vih+AC7wyvLAX5wR1m6u2lF2HLtixXqy2GX8bWgaynSEJR5lmPxYYC4wMI8cA==
